{
  "requires": true,
  "lockfileVersion": 1,
  "dependencies": {
    "paste-from-excel": {
      "version": "1.0.5",
      "resolved": "https://registry.npmjs.org/paste-from-excel/-/paste-from-excel-1.0.5.tgz",
      "integrity": "sha512-YeuyEgLjbscy4Xy5DimXHrEAg2Rbr6vBEm4wnKcSpPD0G/VIk6XO/v4P/I4PvIXe+gi1miXGfcNqQibb1NG0Pw=="
    }
  }
}
